
Microsoft Visual Studio Solution File, Format Version 12.00
# Visual Studio 15
VisualStudioVersion = 15.0.28307.1169
MinimumVisualStudioVersion = 10.0.40219.1
Project("{FAE04EC0-301F-11D3-BF4B-00C04F79EFBC}") = "TMS", "TMS\TMS.csproj", "{B78C93E3-5D87-455B-89FE-6F23010A51D3}"
EndProject
Global
	GlobalSection(SolutionConfigurationPlatforms) = preSolution
		Debug|Any CPU = Debug|Any CPU
		Release|Any CPU = Release|Any CPU
	EndGlobalSection
	GlobalSection(ProjectConfigurationPlatforms) = postSolution
		{B78C93E3-5D87-455B-89FE-6F23010A51D3}.Debug|Any CPU.ActiveCfg = Debug|Any CPU
		{B78C93E3-5D87-455B-89FE-6F23010A51D3}.Debug|Any CPU.Build.0 = Debug|Any CPU
		{B78C93E3-5D87-455B-89FE-6F23010A51D3}.Release|Any CPU.ActiveCfg = Release|Any CPU
		{B78C93E3-5D87-455B-89FE-6F23010A51D3}.Release|Any CPU.Build.0 = Release|Any CPU
	EndGlobalSection
	GlobalSection(SolutionProperties) = preSolution
		HideSolutionNode = FALSE
	EndGlobalSection
	GlobalSection(ExtensibilityGlobals) = postSolution
		SolutionGuid = {7624DA6F-C7EB-4CEB-96F4-E418D9DE8AEB}
	EndGlobalSection
EndGlobal
